
Microsoft Visual Studio Solution File, Format Version 12.00
# Visual Studio Version 16
VisualStudioVersion = 16.0.29920.165
MinimumVisualStudioVersion = 10.0.40219.1
Project("{9A19103F-16F7-4668-BE54-9A1E7A4F7556}") = "Web", "Web\Web.csproj", "{79D4D89D-977B-45FB-91AE-7C27F164252B}"
EndProject
Project("{FAE04EC0-301F-11D3-BF4B-00C04F79EFBC}") = "DATOS", "DATOS\DATOS.csproj", "{EB001D59-3972-43DB-96BD-598186F90E7B}"
EndProject
Project("{FAE04EC0-301F-11D3-BF4B-00C04F79EFBC}") = "ENTIDAD", "ENTIDAD\ENTIDAD.csproj", "{AA137159-EC49-4EAD-8DCA-89EBE8D9C1C2}"
EndProject
Project("{FAE04EC0-301F-11D3-BF4B-00C04F79EFBC}") = "Mensaje", "Mensaje\Mensaje.csproj", "{FE2D4CBE-D5A0-4E0C-98D3-241E8666B110}"
EndProject
Project("{FAE04EC0-301F-11D3-BF4B-00C04F79EFBC}") = "NEGOCIO", "NEGOCIO\NEGOCIO.csproj", "{332B4E5F-59D3-442B-98FC-DC7281AFD809}"
EndProject
Global
	GlobalSection(SolutionConfigurationPlatforms) = preSolution
		Debug|Any CPU = Debug|Any CPU
		Release|Any CPU = Release|Any CPU
	EndGlobalSection
	GlobalSection(ProjectConfigurationPlatforms) = postSolution
		{79D4D89D-977B-45FB-91AE-7C27F164252B}.Debug|Any CPU.ActiveCfg = Debug|Any CPU
		{79D4D89D-977B-45FB-91AE-7C27F164252B}.Debug|Any CPU.Build.0 = Debug|Any CPU
		{79D4D89D-977B-45FB-91AE-7C27F164252B}.Release|Any CPU.ActiveCfg = Release|Any CPU
		{79D4D89D-977B-45FB-91AE-7C27F164252B}.Release|Any CPU.Build.0 = Release|Any CPU
		{EB001D59-3972-43DB-96BD-598186F90E7B}.Debug|Any CPU.ActiveCfg = Debug|Any CPU
		{EB001D59-3972-43DB-96BD-598186F90E7B}.Debug|Any CPU.Build.0 = Debug|Any CPU
		{EB001D59-3972-43DB-96BD-598186F90E7B}.Release|Any CPU.ActiveCfg = Release|Any CPU
		{EB001D59-3972-43DB-96BD-598186F90E7B}.Release|Any CPU.Build.0 = Release|Any CPU
		{AA137159-EC49-4EAD-8DCA-89EBE8D9C1C2}.Debug|Any CPU.ActiveCfg = Debug|Any CPU
		{AA137159-EC49-4EAD-8DCA-89EBE8D9C1C2}.Debug|Any CPU.Build.0 = Debug|Any CPU
		{AA137159-EC49-4EAD-8DCA-89EBE8D9C1C2}.Release|Any CPU.ActiveCfg = Release|Any CPU
		{AA137159-EC49-4EAD-8DCA-89EBE8D9C1C2}.Release|Any CPU.Build.0 = Release|Any CPU
		{FE2D4CBE-D5A0-4E0C-98D3-241E8666B110}.Debug|Any CPU.ActiveCfg = Debug|Any CPU
		{FE2D4CBE-D5A0-4E0C-98D3-241E8666B110}.Debug|Any CPU.Build.0 = Debug|Any CPU
		{FE2D4CBE-D5A0-4E0C-98D3-241E8666B110}.Release|Any CPU.ActiveCfg = Release|Any CPU
		{FE2D4CBE-D5A0-4E0C-98D3-241E8666B110}.Release|Any CPU.Build.0 = Release|Any CPU
		{332B4E5F-59D3-442B-98FC-DC7281AFD809}.Debug|Any CPU.ActiveCfg = Debug|Any CPU
		{332B4E5F-59D3-442B-98FC-DC7281AFD809}.Debug|Any CPU.Build.0 = Debug|Any CPU
		{332B4E5F-59D3-442B-98FC-DC7281AFD809}.Release|Any CPU.ActiveCfg = Release|Any CPU
		{332B4E5F-59D3-442B-98FC-DC7281AFD809}.Release|Any CPU.Build.0 = Release|Any CPU
	EndGlobalSection
	GlobalSection(SolutionProperties) = preSolution
		HideSolutionNode = FALSE
	EndGlobalSection
	GlobalSection(ExtensibilityGlobals) = postSolution
		SolutionGuid = {6AB43188-D317-480B-8D95-2D82BE5E0EA2}
	EndGlobalSection
EndGlobal
